
Microsoft Visual Studio Solution File, Format Version 12.00
# Visual Studio Version 16
VisualStudioVersion = 16.0.30114.105
MinimumVisualStudioVersion = 10.0.40219.1
Project("{FAE04EC0-301F-11D3-BF4B-00C04F79EFBC}") = "String", "String\String.csproj", "{7DA98D2F-2340-44F4-9398-8E197395160D}"
EndProject
Global
	GlobalSection(SolutionConfigurationPlatforms) = preSolution
		Debug|Any CPU = Debug|Any CPU
		Release|Any CPU = Release|Any CPU
	EndGlobalSection
	GlobalSection(ProjectConfigurationPlatforms) = postSolution
		{7DA98D2F-2340-44F4-9398-8E197395160D}.Debug|Any CPU.ActiveCfg = Debug|Any CPU
		{7DA98D2F-2340-44F4-9398-8E197395160D}.Debug|Any CPU.Build.0 = Debug|Any CPU
		{7DA98D2F-2340-44F4-9398-8E197395160D}.Release|Any CPU.ActiveCfg = Release|Any CPU
		{7DA98D2F-2340-44F4-9398-8E197395160D}.Release|Any CPU.Build.0 = Release|Any CPU
	EndGlobalSection
	GlobalSection(SolutionProperties) = preSolution
		HideSolutionNode = FALSE
	EndGlobalSection
	GlobalSection(ExtensibilityGlobals) = postSolution
		SolutionGuid = {FC82BC4C-6168-4C46-9EC1-2E96EAF6AF70}
	EndGlobalSection
EndGlobal
